// !$*UTF8*$!
{
	archiveVersion = 1;
	classes = {
	};
	objectVersion = 46;
	objects = {

/* Begin PBXBuildFile section */
		78C982931859A9CF006578B2 /* Foundation.framework in Frameworks */ = {isa = PBXBuildFile; fileRef = 78C982921859A9CF006578B2 /* Foundation.framework */; };
		78C982951859A9CF006578B2 /* CoreGraphics.framework in Frameworks */ = {isa = PBXBuildFile; fileRef = 78C982941859A9CF006578B2 /* CoreGraphics.framework */; };
		78C982971859A9CF006578B2 /* UIKit.framework in Frameworks */ = {isa = PBXBuildFile; fileRef = 78C982961859A9CF006578B2 /* UIKit.framework */; };
		78C9829D1859A9CF006578B2 /* InfoPlist.strings in Resources */ = {isa = PBXBuildFile; fileRef = 78C9829B1859A9CF006578B2 /* InfoPlist.strings */; };
		78C9829F1859A9CF006578B2 /* main.m in Sources */ = {isa = PBXBuildFile; fileRef = 78C9829E1859A9CF006578B2 /* main.m */; };
		78C982A31859A9CF006578B2 /* TELAppDelegate.mm in Sources */ = {isa = PBXBuildFile; fileRef = 78C982A21859A9CF006578B2 /* TELAppDelegate.mm */; };
		78C982A51859A9CF006578B2 /* Images.xcassets in Resources */ = {isa = PBXBuildFile; fileRef = 78C982A41859A9CF006578B2 /* Images.xcassets */; };
		78C982AC1859A9CF006578B2 /* XCTest.framework in Frameworks */ = {isa = PBXBuildFile; fileRef = 78C982AB1859A9CF006578B2 /* XCTest.framework */; };
		78C982AD1859A9CF006578B2 /* Foundation.framework in Frameworks */ = {isa = PBXBuildFile; fileRef = 78C982921859A9CF006578B2 /* Foundation.framework */; };
		78C982AE1859A9CF006578B2 /* UIKit.framework in Frameworks */ = {isa = PBXBuildFile; fileRef = 78C982961859A9CF006578B2 /* UIKit.framework */; };
		78C982B61859A9CF006578B2 /* InfoPlist.strings in Resources */ = {isa = PBXBuildFile; fileRef = 78C982B41859A9CF006578B2 /* InfoPlist.strings */; };
		78C982B81859A9CF006578B2 /* TestPodForESLocaleTests.m in Sources */ = {isa = PBXBuildFile; fileRef = 78C982B71859A9CF006578B2 /* TestPodForESLocaleTests.m */; };
		9F2130432DBA4222A8B39E5D /* libPods.a in Frameworks */ = {isa = PBXBuildFile; fileRef = 65F46612CDD64E74A333E73A /* libPods.a */; };
/* End PBXBuildFile section */

/* Begin PBXContainerItemProxy section */
		78C982AF1859A9CF006578B2 /* PBXContainerItemProxy */ = {
			isa = PBXContainerItemProxy;
			containerPortal = 78C982871859A9CF006578B2 /* Project object */;
			proxyType = 1;
			remoteGlobalIDString = 78C9828E1859A9CF006578B2;
			remoteInfo = TestPodForESLocale;
		};
/* End PBXContainerItemProxy section */

/* Begin PBXFileReference section */
		65F46612CDD64E74A333E73A /* libPods.a */ = {isa = PBXFileReference; explicitFileType = archive.ar; includeInIndex = 0; path = libPods.a; sourceTree = BUILT_PRODUCTS_DIR; };
		78C9828F1859A9CF006578B2 /* TestPodForESLocale.app */ = {isa = PBXFileReference; explicitFileType = wrapper.application; includeInIndex = 0; path = TestPodForESLocale.app; sourceTree = BUILT_PRODUCTS_DIR; };
		78C982921859A9CF006578B2 /* Foundation.framework */ = {isa = PBXFileReference; lastKnownFileType = wrapper.framework; name = Foundation.framework; path = System/Library/Frameworks/Foundation.framework; sourceTree = SDKROOT; };
		78C982941859A9CF006578B2 /* CoreGraphics.framework */ = {isa = PBXFileReference; lastKnownFileType = wrapper.framework; name = CoreGraphics.framework; path = System/Library/Frameworks/CoreGraphics.framework; sourceTree = SDKROOT; };
		78C982961859A9CF006578B2 /* UIKit.framework */ = {isa = PBXFileReference; lastKnownFileType = wrapper.framework; name = UIKit.framework; path = System/Library/Frameworks/UIKit.framework; sourceTree = SDKROOT; };
		78C9829A1859A9CF006578B2 /* TestPodForESLocale-Info.plist */ = {isa = PBXFileReference; lastKnownFileType = text.plist.xml; path = "TestPodForESLocale-Info.plist"; sourceTree = "<group>"; };
		78C9829C1859A9CF006578B2 /* en */ = {isa = PBXFileReference; lastKnownFileType = text.plist.strings; name = en; path = en.lproj/InfoPlist.strings; sourceTree = "<group>"; };
		78C9829E1859A9CF006578B2 /* main.m */ = {isa = PBXFileReference; lastKnownFileType = sourcecode.c.objc; path = main.m; sourceTree = "<group>"; };
		78C982A01859A9CF006578B2 /* TestPodForESLocale-Prefix.pch */ = {isa = PBXFileReference; lastKnownFileType = sourcecode.c.h; path = "TestPodForESLocale-Prefix.pch"; sourceTree = "<group>"; };
		78C982A11859A9CF006578B2 /* TELAppDelegate.h */ = {isa = PBXFileReference; lastKnownFileType = sourcecode.c.h; path = TELAppDelegate.h; sourceTree = "<group>"; };
		78C982A21859A9CF006578B2 /* TELAppDelegate.mm */ = {isa = PBXFileReference; lastKnownFileType = sourcecode.cpp.objcpp; path = TELAppDelegate.mm; sourceTree = "<group>"; };
		78C982A41859A9CF006578B2 /* Images.xcassets */ = {isa = PBXFileReference; lastKnownFileType = folder.assetcatalog; path = Images.xcassets; sourceTree = "<group>"; };
		78C982AA1859A9CF006578B2 /* TestPodForESLocaleTests.xctest */ = {isa = PBXFileReference; explicitFileType = wrapper.cfbundle; includeInIndex = 0; path = TestPodForESLocaleTests.xctest; sourceTree = BUILT_PRODUCTS_DIR; };
		78C982AB1859A9CF006578B2 /* XCTest.framework */ = {isa = PBXFileReference; lastKnownFileType = wrapper.framework; name = XCTest.framework; path = Library/Frameworks/XCTest.framework; sourceTree = DEVELOPER_DIR; };
		78C982B31859A9CF006578B2 /* TestPodForESLocaleTests-Info.plist */ = {isa = PBXFileReference; lastKnownFileType = text.plist.xml; path = "TestPodForESLocaleTests-Info.plist"; sourceTree = "<group>"; };
		78C982B51859A9CF006578B2 /* en */ = {isa = PBXFileReference; lastKnownFileType = text.plist.strings; name = en; path = en.lproj/InfoPlist.strings; sourceTree = "<group>"; };
		78C982B71859A9CF006578B2 /* TestPodForESLocaleTests.m */ = {isa = PBXFileReference; lastKnownFileType = sourcecode.c.objc; path = TestPodForESLocaleTests.m; sourceTree = "<group>"; };
		FB604DCA5E4C48D7A373920B /* Pods.xcconfig */ = {isa = PBXFileReference; includeInIndex = 1; lastKnownFileType = text.xcconfig; name = Pods.xcconfig; path = Pods/Pods.xcconfig; sourceTree = "<group>"; };
/* End PBXFileReference section */

/* Begin PBXFrameworksBuildPhase section */
		78C9828C1859A9CF006578B2 /* Frameworks */ = {
			isa = PBXFrameworksBuildPhase;
			buildActionMask = 2147483647;
			files = (
				78C982951859A9CF006578B2 /* CoreGraphics.framework in Frameworks */,
				78C982971859A9CF006578B2 /* UIKit.framework in Frameworks */,
				78C982931859A9CF006578B2 /* Foundation.framework in Frameworks */,
				9F2130432DBA4222A8B39E5D /* libPods.a in Frameworks */,
			);
			runOnlyForDeploymentPostprocessing = 0;
		};
		78C982A71859A9CF006578B2 /* Frameworks */ = {
			isa = PBXFrameworksBuildPhase;
			buildActionMask = 2147483647;
			files = (
				78C982AC1859A9CF006578B2 /* XCTest.framework in Frameworks */,
				78C982AE1859A9CF006578B2 /* UIKit.framework in Frameworks */,
				78C982AD1859A9CF006578B2 /* Foundation.framework in Frameworks */,
			);
			runOnlyForDeploymentPostprocessing = 0;
		};
/* End PBXFrameworksBuildPhase section */

/* Begin PBXGroup section */
		78C982861859A9CF006578B2 = {
			isa = PBXGroup;
			children = (
				78C982981859A9CF006578B2 /* TestPodForESLocale */,
				78C982B11859A9CF006578B2 /* TestPodForESLocaleTests */,
				78C982911859A9CF006578B2 /* Frameworks */,
				78C982901859A9CF006578B2 /* Products */,
				FB604DCA5E4C48D7A373920B /* Pods.xcconfig */,
			);
			sourceTree = "<group>";
		};
		78C982901859A9CF006578B2 /* Products */ = {
			isa = PBXGroup;
			children = (
				78C9828F1859A9CF006578B2 /* TestPodForESLocale.app */,
				78C982AA1859A9CF006578B2 /* TestPodForESLocaleTests.xctest */,
			);
			name = Products;
			sourceTree = "<group>";
		};
		78C982911859A9CF006578B2 /* Frameworks */ = {
			isa = PBXGroup;
			children = (
				78C982921859A9CF006578B2 /* Foundation.framework */,
				78C982941859A9CF006578B2 /* CoreGraphics.framework */,
				78C982961859A9CF006578B2 /* UIKit.framework */,
				78C982AB1859A9CF006578B2 /* XCTest.framework */,
				65F46612CDD64E74A333E73A /* libPods.a */,
			);
			name = Frameworks;
			sourceTree = "<group>";
		};
		78C982981859A9CF006578B2 /* TestPodForESLocale */ = {
			isa = PBXGroup;
			children = (
				78C982A11859A9CF006578B2 /* TELAppDelegate.h */,
				78C982A21859A9CF006578B2 /* TELAppDelegate.mm */,
				78C982A41859A9CF006578B2 /* Images.xcassets */,
				78C982991859A9CF006578B2 /* Supporting Files */,
			);
			path = TestPodForESLocale;
			sourceTree = "<group>";
		};
		78C982991859A9CF006578B2 /* Supporting Files */ = {
			isa = PBXGroup;
			children = (
				78C9829A1859A9CF006578B2 /* TestPodForESLocale-Info.plist */,
				78C9829B1859A9CF006578B2 /* InfoPlist.strings */,
				78C9829E1859A9CF006578B2 /* main.m */,
				78C982A01859A9CF006578B2 /* TestPodForESLocale-Prefix.pch */,
			);
			name = "Supporting Files";
			sourceTree = "<group>";
		};
		78C982B11859A9CF006578B2 /* TestPodForESLocaleTests */ = {
			isa = PBXGroup;
			children = (
				78C982B71859A9CF006578B2 /* TestPodForESLocaleTests.m */,
				78C982B21859A9CF006578B2 /* Supporting Files */,
			);
			path = TestPodForESLocaleTests;
			sourceTree = "<group>";
		};
		78C982B21859A9CF006578B2 /* Supporting Files */ = {
			isa = PBXGroup;
			children = (
				78C982B31859A9CF006578B2 /* TestPodForESLocaleTests-Info.plist */,
				78C982B41859A9CF006578B2 /* InfoPlist.strings */,
			);
			name = "Supporting Files";
			sourceTree = "<group>";
		};
/* End PBXGroup section */

/* Begin PBXNativeTarget section */
		78C9828E1859A9CF006578B2 /* TestPodForESLocale */ = {
			isa = PBXNativeTarget;
			buildConfigurationList = 78C982BB1859A9CF006578B2 /* Build configuration list for PBXNativeTarget "TestPodForESLocale" */;
			buildPhases = (
				66E82D6273D242E8A7F399D1 /* Check Pods Manifest.lock */,
				78C9828B1859A9CF006578B2 /* Sources */,
				78C9828C1859A9CF006578B2 /* Frameworks */,
				78C9828D1859A9CF006578B2 /* Resources */,
				22B20D9779A4410A9861B8FC /* Copy Pods Resources */,
			);
			buildRules = (
			);
			dependencies = (
			);
			name = TestPodForESLocale;
			productName = TestPodForESLocale;
			productReference = 78C9828F1859A9CF006578B2 /* TestPodForESLocale.app */;
			productType = "com.apple.product-type.application";
		};
		78C982A91859A9CF006578B2 /* TestPodForESLocaleTests */ = {
			isa = PBXNativeTarget;
			buildConfigurationList = 78C982BE1859A9CF006578B2 /* Build configuration list for PBXNativeTarget "TestPodForESLocaleTests" */;
			buildPhases = (
				78C982A61859A9CF006578B2 /* Sources */,
				78C982A71859A9CF006578B2 /* Frameworks */,
				78C982A81859A9CF006578B2 /* Resources */,
			);
			buildRules = (
			);
			dependencies = (
				78C982B01859A9CF006578B2 /* PBXTargetDependency */,
			);
			name = TestPodForESLocaleTests;
			productName = TestPodForESLocaleTests;
			productReference = 78C982AA1859A9CF006578B2 /* TestPodForESLocaleTests.xctest */;
			productType = "com.apple.product-type.bundle.unit-test";
		};
/* End PBXNativeTarget section */

/* Begin PBXProject section */
		78C982871859A9CF006578B2 /* Project object */ = {
			isa = PBXProject;
			attributes = {
				CLASSPREFIX = TEL;
				LastUpgradeCheck = 0500;
				ORGANIZATIONNAME = Sitecore;
				TargetAttributes = {
					78C982A91859A9CF006578B2 = {
						TestTargetID = 78C9828E1859A9CF006578B2;
					};
				};
			};
			buildConfigurationList = 78C9828A1859A9CF006578B2 /* Build configuration list for PBXProject "TestPodForESLocale" */;
			compatibilityVersion = "Xcode 3.2";
			developmentRegion = English;
			hasScannedForEncodings = 0;
			knownRegions = (
				en,
			);
			mainGroup = 78C982861859A9CF006578B2;
			productRefGroup = 78C982901859A9CF006578B2 /* Products */;
			projectDirPath = "";
			projectRoot = "";
			targets = (
				78C9828E1859A9CF006578B2 /* TestPodForESLocale */,
				78C982A91859A9CF006578B2 /* TestPodForESLocaleTests */,
			);
		};
/* End PBXProject section */

/* Begin PBXResourcesBuildPhase section */
		78C9828D1859A9CF006578B2 /* Resources */ = {
			isa = PBXResourcesBuildPhase;
			buildActionMask = 2147483647;
			files = (
				78C9829D1859A9CF006578B2 /* InfoPlist.strings in Resources */,
				78C982A51859A9CF006578B2 /* Images.xcassets in Resources */,
			);
			runOnlyForDeploymentPostprocessing = 0;
		};
		78C982A81859A9CF006578B2 /* Resources */ = {
			isa = PBXResourcesBuildPhase;
			buildActionMask = 2147483647;
			files = (
				78C982B61859A9CF006578B2 /* InfoPlist.strings in Resources */,
			);
			runOnlyForDeploymentPostprocessing = 0;
		};
/* End PBXResourcesBuildPhase section */

/* Begin PBXShellScriptBuildPhase section */
		22B20D9779A4410A9861B8FC /* Copy Pods Resources */ = {
			isa = PBXShellScriptBuildPhase;
			buildActionMask = 2147483647;
			files = (
			);
			inputPaths = (
			);
			name = "Copy Pods Resources";
			outputPaths = (
			);
			runOnlyForDeploymentPostprocessing = 0;
			shellPath = /bin/sh;
			shellScript = "\"${SRCROOT}/Pods/Pods-resources.sh\"\n";
			showEnvVarsInLog = 0;
		};
		66E82D6273D242E8A7F399D1 /* Check Pods Manifest.lock */ = {
			isa = PBXShellScriptBuildPhase;
			buildActionMask = 2147483647;
			files = (
			);
			inputPaths = (
			);
			name = "Check Pods Manifest.lock";
			outputPaths = (
			);
			runOnlyForDeploymentPostprocessing = 0;
			shellPath = /bin/sh;
			shellScript = "diff \"${PODS_ROOT}/../Podfile.lock\" \"${PODS_ROOT}/Manifest.lock\" > /dev/null\nif [[ $? != 0 ]] ; then\n    cat << EOM\nerror: The sandbox is not in sync with the Podfile.lock. Run 'pod install' or update your CocoaPods installation.\nEOM\n    exit 1\nfi\n";
			showEnvVarsInLog = 0;
		};
/* End PBXShellScriptBuildPhase section */

/* Begin PBXSourcesBuildPhase section */
		78C9828B1859A9CF006578B2 /* Sources */ = {
			isa = PBXSourcesBuildPhase;
			buildActionMask = 2147483647;
			files = (
				78C982A31859A9CF006578B2 /* TELAppDelegate.mm in Sources */,
				78C9829F1859A9CF006578B2 /* main.m in Sources */,
			);
			runOnlyForDeploymentPostprocessing = 0;
		};
		78C982A61859A9CF006578B2 /* Sources */ = {
			isa = PBXSourcesBuildPhase;
			buildActionMask = 2147483647;
			files = (
				78C982B81859A9CF006578B2 /* TestPodForESLocaleTests.m in Sources */,
			);
			runOnlyForDeploymentPostprocessing = 0;
		};
/* End PBXSourcesBuildPhase section */

/* Begin PBXTargetDependency section */
		78C982B01859A9CF006578B2 /* PBXTargetDependency */ = {
			isa = PBXTargetDependency;
			target = 78C9828E1859A9CF006578B2 /* TestPodForESLocale */;
			targetProxy = 78C982AF1859A9CF006578B2 /* PBXContainerItemProxy */;
		};
/* End PBXTargetDependency section */

/* Begin PBXVariantGroup section */
		78C9829B1859A9CF006578B2 /* InfoPlist.strings */ = {
			isa = PBXVariantGroup;
			children = (
				78C9829C1859A9CF006578B2 /* en */,
			);
			name = InfoPlist.strings;
			sourceTree = "<group>";
		};
		78C982B41859A9CF006578B2 /* InfoPlist.strings */ = {
			isa = PBXVariantGroup;
			children = (
				78C982B51859A9CF006578B2 /* en */,
			);
			name = InfoPlist.strings;
			sourceTree = "<group>";
		};
/* End PBXVariantGroup section */

/* Begin XCBuildConfiguration section */
		78C982B91859A9CF006578B2 /* Debug */ = {
			isa = XCBuildConfiguration;
			buildSettings = {
				ALWAYS_SEARCH_USER_PATHS = NO;
				ARCHS = "$(ARCHS_STANDARD_INCLUDING_64_BIT)";
				CLANG_CXX_LANGUAGE_STANDARD = "gnu++0x";
				CLANG_CXX_LIBRARY = "libc++";
				CLANG_ENABLE_MODULES = YES;
				CLANG_ENABLE_OBJC_ARC = YES;
				CLANG_WARN_BOOL_CONVERSION = YES;
				CLANG_WARN_CONSTANT_CONVERSION = YES;
				CLANG_WARN_DIRECT_OBJC_ISA_USAGE = YES_ERROR;
				CLANG_WARN_EMPTY_BODY = YES;
				CLANG_WARN_ENUM_CONVERSION = YES;
				CLANG_WARN_INT_CONVERSION = YES;
				CLANG_WARN_OBJC_ROOT_CLASS = YES_ERROR;
				CLANG_WARN__DUPLICATE_METHOD_MATCH = YES;
				"CODE_SIGN_IDENTITY[sdk=iphoneos*]" = "iPhone Developer";
				COPY_PHASE_STRIP = NO;
				GCC_C_LANGUAGE_STANDARD = gnu99;
				GCC_DYNAMIC_NO_PIC = NO;
				GCC_OPTIMIZATION_LEVEL = 0;
				GCC_PREPROCESSOR_DEFINITIONS = (
					"DEBUG=1",
					"$(inherited)",
				);
				GCC_SYMBOLS_PRIVATE_EXTERN = NO;
				GCC_WARN_64_TO_32_BIT_CONVERSION = YES;
				GCC_WARN_ABOUT_RETURN_TYPE = YES_ERROR;
				GCC_WARN_UNDECLARED_SELECTOR = YES;
				GCC_WARN_UNINITIALIZED_AUTOS = YES;
				GCC_WARN_UNUSED_FUNCTION = YES;
				GCC_WARN_UNUSED_VARIABLE = YES;
				IPHONEOS_DEPLOYMENT_TARGET = 7.0;
				ONLY_ACTIVE_ARCH = YES;
				SDKROOT = iphoneos;
				TARGETED_DEVICE_FAMILY = "1,2";
			};
			name = Debug;
		};
		78C982BA1859A9CF006578B2 /* Release */ = {
			isa = XCBuildConfiguration;
			buildSettings = {
				ALWAYS_SEARCH_USER_PATHS = NO;
				ARCHS = "$(ARCHS_STANDARD_INCLUDING_64_BIT)";
				CLANG_CXX_LANGUAGE_STANDARD = "gnu++0x";
				CLANG_CXX_LIBRARY = "libc++";
				CLANG_ENABLE_MODULES = YES;
				CLANG_ENABLE_OBJC_ARC = YES;
				CLANG_WARN_BOOL_CONVERSION = YES;
				CLANG_WARN_CONSTANT_CONVERSION = YES;
				CLANG_WARN_DIRECT_OBJC_ISA_USAGE = YES_ERROR;
				CLANG_WARN_EMPTY_BODY = YES;
				CLANG_WARN_ENUM_CONVERSION = YES;
				CLANG_WARN_INT_CONVERSION = YES;
				CLANG_WARN_OBJC_ROOT_CLASS = YES_ERROR;
				CLANG_WARN__DUPLICATE_METHOD_MATCH = YES;
				"CODE_SIGN_IDENTITY[sdk=iphoneos*]" = "iPhone Developer";
				COPY_PHASE_STRIP = YES;
				ENABLE_NS_ASSERTIONS = NO;
				GCC_C_LANGUAGE_STANDARD = gnu99;
				GCC_WARN_64_TO_32_BIT_CONVERSION = YES;
				GCC_WARN_ABOUT_RETURN_TYPE = YES_ERROR;
				GCC_WARN_UNDECLARED_SELECTOR = YES;
				GCC_WARN_UNINITIALIZED_AUTOS = YES;
				GCC_WARN_UNUSED_FUNCTION = YES;
				GCC_WARN_UNUSED_VARIABLE = YES;
				IPHONEOS_DEPLOYMENT_TARGET = 7.0;
				SDKROOT = iphoneos;
				TARGETED_DEVICE_FAMILY = "1,2";
				VALIDATE_PRODUCT = YES;
			};
			name = Release;
		};
		78C982BC1859A9CF006578B2 /* Debug */ = {
			isa = XCBuildConfiguration;
			baseConfigurationReference = FB604DCA5E4C48D7A373920B /* Pods.xcconfig */;
			buildSettings = {
				ASSETCATALOG_COMPILER_APPICON_NAME = AppIcon;
				ASSETCATALOG_COMPILER_LAUNCHIMAGE_NAME = LaunchImage;
				GCC_PRECOMPILE_PREFIX_HEADER = YES;
				GCC_PREFIX_HEADER = "TestPodForESLocale/TestPodForESLocale-Prefix.pch";
				INFOPLIST_FILE = "TestPodForESLocale/TestPodForESLocale-Info.plist";
				PRODUCT_NAME = "$(TARGET_NAME)";
				WRAPPER_EXTENSION = app;
			};
			name = Debug;
		};
		78C982BD1859A9CF006578B2 /* Release */ = {
			isa = XCBuildConfiguration;
			baseConfigurationReference = FB604DCA5E4C48D7A373920B /* Pods.xcconfig */;
			buildSettings = {
				ASSETCATALOG_COMPILER_APPICON_NAME = AppIcon;
				ASSETCATALOG_COMPILER_LAUNCHIMAGE_NAME = LaunchImage;
				GCC_PRECOMPILE_PREFIX_HEADER = YES;
				GCC_PREFIX_HEADER = "TestPodForESLocale/TestPodForESLocale-Prefix.pch";
				INFOPLIST_FILE = "TestPodForESLocale/TestPodForESLocale-Info.plist";
				PRODUCT_NAME = "$(TARGET_NAME)";
				WRAPPER_EXTENSION = app;
			};
			name = Release;
		};
		78C982BF1859A9CF006578B2 /* Debug */ = {
			isa = XCBuildConfiguration;
			buildSettings = {
				ARCHS = "$(ARCHS_STANDARD_INCLUDING_64_BIT)";
				BUNDLE_LOADER = "$(BUILT_PRODUCTS_DIR)/TestPodForESLocale.app/TestPodForESLocale";
				FRAMEWORK_SEARCH_PATHS = (
					"$(SDKROOT)/Developer/Library/Frameworks",
					"$(inherited)",
					"$(DEVELOPER_FRAMEWORKS_DIR)",
				);
				GCC_PRECOMPILE_PREFIX_HEADER = YES;
				GCC_PREFIX_HEADER = "TestPodForESLocale/TestPodForESLocale-Prefix.pch";
				GCC_PREPROCESSOR_DEFINITIONS = (
					"DEBUG=1",
					"$(inherited)",
				);
				INFOPLIST_FILE = "TestPodForESLocaleTests/TestPodForESLocaleTests-Info.plist";
				PRODUCT_NAME = "$(TARGET_NAME)";
				TEST_HOST = "$(BUNDLE_LOADER)";
				WRAPPER_EXTENSION = xctest;
			};
			name = Debug;
		};
		78C982C01859A9CF006578B2 /* Release */ = {
			isa = XCBuildConfiguration;
			buildSettings = {
				ARCHS = "$(ARCHS_STANDARD_INCLUDING_64_BIT)";
				BUNDLE_LOADER = "$(BUILT_PRODUCTS_DIR)/TestPodForESLocale.app/TestPodForESLocale";
				FRAMEWORK_SEARCH_PATHS = (
					"$(SDKROOT)/Developer/Library/Frameworks",
					"$(inherited)",
					"$(DEVELOPER_FRAMEWORKS_DIR)",
				);
				GCC_PRECOMPILE_PREFIX_HEADER = YES;
				GCC_PREFIX_HEADER = "TestPodForESLocale/TestPodForESLocale-Prefix.pch";
				INFOPLIST_FILE = "TestPodForESLocaleTests/TestPodForESLocaleTests-Info.plist";
				PRODUCT_NAME = "$(TARGET_NAME)";
				TEST_HOST = "$(BUNDLE_LOADER)";
				WRAPPER_EXTENSION = xctest;
			};
			name = Release;
		};
/* End XCBuildConfiguration section */

/* Begin XCConfigurationList section */
		78C9828A1859A9CF006578B2 /* Build configuration list for PBXProject "TestPodForESLocale" */ = {
			isa = XCConfigurationList;
			buildConfigurations = (
				78C982B91859A9CF006578B2 /* Debug */,
				78C982BA1859A9CF006578B2 /* Release */,
			);
			defaultConfigurationIsVisible = 0;
			defaultConfigurationName = Release;
		};
		78C982BB1859A9CF006578B2 /* Build configuration list for PBXNativeTarget "TestPodForESLocale" */ = {
			isa = XCConfigurationList;
			buildConfigurations = (
				78C982BC1859A9CF006578B2 /* Debug */,
				78C982BD1859A9CF006578B2 /* Release */,
			);
			defaultConfigurationIsVisible = 0;
			defaultConfigurationName = Release;
		};
		78C982BE1859A9CF006578B2 /* Build configuration list for PBXNativeTarget "TestPodForESLocaleTests" */ = {
			isa = XCConfigurationList;
			buildConfigurations = (
				78C982BF1859A9CF006578B2 /* Debug */,
				78C982C01859A9CF006578B2 /* Release */,
			);
			defaultConfigurationIsVisible = 0;
			defaultConfigurationName = Release;
		};
/* End XCConfigurationList section */
	};
	rootObject = 78C982871859A9CF006578B2 /* Project object */;
}
